
Microsoft Visual Studio Solution File, Format Version 12.00
# Visual Studio Version 17
VisualStudioVersion = 17.12.35506.116
MinimumVisualStudioVersion = 10.0.40219.1
Project("{2150E333-8FDC-42A3-9474-1A3956D46DE8}") = "src", "src", "{0506DCD2-4A5E-40A5-AE3E-168DB591DB38}"
EndProject
Project("{2150E333-8FDC-42A3-9474-1A3956D46DE8}") = "Infrastructure", "Infrastructure", "{560D201A-E823-49D1-8BA5-EDA64DC4B01C}"
EndProject
Project("{2150E333-8FDC-42A3-9474-1A3956D46DE8}") = "Core", "Core", "{BD5DAAA3-0400-4443-84DB-3D440633009E}"
EndProject
Project("{2150E333-8FDC-42A3-9474-1A3956D46DE8}") = "Api", "Api", "{76C16FE3-B2CF-4CDC-9B45-02570A1436B8}"
EndProject
Project("{2150E333-8FDC-42A3-9474-1A3956D46DE8}") = "UI", "UI", "{369EAED9-5F17-4223-97C9-FCDDAA2532AA}"
EndProject
Project("{FAE04EC0-301F-11D3-BF4B-00C04F79EFBC}") = "UserControl.Identity", "UserControl.Identity\UserControl.Identity.csproj", "{ECBF5432-1F3B-457A-8352-F77C1EA0827B}"
EndProject
Project("{FAE04EC0-301F-11D3-BF4B-00C04F79EFBC}") = "UserControl.Domain", "UserControl.Domain\UserControl.Domain.csproj", "{627D7661-FE7C-4594-A32B-45A4FB30B61E}"
EndProject
Project("{FAE04EC0-301F-11D3-BF4B-00C04F79EFBC}") = "UserControl.Application", "UserControl.Application\UserControl.Application.csproj", "{459B80FD-1440-4BC4-AB5F-2245944EED75}"
EndProject
Project("{FAE04EC0-301F-11D3-BF4B-00C04F79EFBC}") = "UserControl.Api", "UserControl.Api\UserControl.Api.csproj", "{3AA8009E-7E4B-4312-88D2-695BFE5FD046}"
EndProject
Project("{FAE04EC0-301F-11D3-BF4B-00C04F79EFBC}") = "UserControl.UI", "UserControl.UI\UserControl.UI.csproj", "{43624DFD-273E-4015-9207-78A857156C76}"
EndProject
Global
	GlobalSection(SolutionConfigurationPlatforms) = preSolution
		Debug|Any CPU = Debug|Any CPU
		Release|Any CPU = Release|Any CPU
	EndGlobalSection
	GlobalSection(ProjectConfigurationPlatforms) = postSolution
		{ECBF5432-1F3B-457A-8352-F77C1EA0827B}.Debug|Any CPU.ActiveCfg = Debug|Any CPU
		{ECBF5432-1F3B-457A-8352-F77C1EA0827B}.Debug|Any CPU.Build.0 = Debug|Any CPU
		{ECBF5432-1F3B-457A-8352-F77C1EA0827B}.Release|Any CPU.ActiveCfg = Release|Any CPU
		{ECBF5432-1F3B-457A-8352-F77C1EA0827B}.Release|Any CPU.Build.0 = Release|Any CPU
		{627D7661-FE7C-4594-A32B-45A4FB30B61E}.Debug|Any CPU.ActiveCfg = Debug|Any CPU
		{627D7661-FE7C-4594-A32B-45A4FB30B61E}.Debug|Any CPU.Build.0 = Debug|Any CPU
		{627D7661-FE7C-4594-A32B-45A4FB30B61E}.Release|Any CPU.ActiveCfg = Release|Any CPU
		{627D7661-FE7C-4594-A32B-45A4FB30B61E}.Release|Any CPU.Build.0 = Release|Any CPU
		{459B80FD-1440-4BC4-AB5F-2245944EED75}.Debug|Any CPU.ActiveCfg = Debug|Any CPU
		{459B80FD-1440-4BC4-AB5F-2245944EED75}.Debug|Any CPU.Build.0 = Debug|Any CPU
		{459B80FD-1440-4BC4-AB5F-2245944EED75}.Release|Any CPU.ActiveCfg = Release|Any CPU
		{459B80FD-1440-4BC4-AB5F-2245944EED75}.Release|Any CPU.Build.0 = Release|Any CPU
		{3AA8009E-7E4B-4312-88D2-695BFE5FD046}.Debug|Any CPU.ActiveCfg = Debug|Any CPU
		{3AA8009E-7E4B-4312-88D2-695BFE5FD046}.Debug|Any CPU.Build.0 = Debug|Any CPU
		{3AA8009E-7E4B-4312-88D2-695BFE5FD046}.Release|Any CPU.ActiveCfg = Release|Any CPU
		{3AA8009E-7E4B-4312-88D2-695BFE5FD046}.Release|Any CPU.Build.0 = Release|Any CPU
		{43624DFD-273E-4015-9207-78A857156C76}.Debug|Any CPU.ActiveCfg = Debug|Any CPU
		{43624DFD-273E-4015-9207-78A857156C76}.Debug|Any CPU.Build.0 = Debug|Any CPU
		{43624DFD-273E-4015-9207-78A857156C76}.Release|Any CPU.ActiveCfg = Release|Any CPU
		{43624DFD-273E-4015-9207-78A857156C76}.Release|Any CPU.Build.0 = Release|Any CPU
	EndGlobalSection
	GlobalSection(SolutionProperties) = preSolution
		HideSolutionNode = FALSE
	EndGlobalSection
	GlobalSection(NestedProjects) = preSolution
		{560D201A-E823-49D1-8BA5-EDA64DC4B01C} = {0506DCD2-4A5E-40A5-AE3E-168DB591DB38}
		{BD5DAAA3-0400-4443-84DB-3D440633009E} = {0506DCD2-4A5E-40A5-AE3E-168DB591DB38}
		{76C16FE3-B2CF-4CDC-9B45-02570A1436B8} = {0506DCD2-4A5E-40A5-AE3E-168DB591DB38}
		{369EAED9-5F17-4223-97C9-FCDDAA2532AA} = {0506DCD2-4A5E-40A5-AE3E-168DB591DB38}
		{ECBF5432-1F3B-457A-8352-F77C1EA0827B} = {560D201A-E823-49D1-8BA5-EDA64DC4B01C}
		{627D7661-FE7C-4594-A32B-45A4FB30B61E} = {BD5DAAA3-0400-4443-84DB-3D440633009E}
		{459B80FD-1440-4BC4-AB5F-2245944EED75} = {BD5DAAA3-0400-4443-84DB-3D440633009E}
		{3AA8009E-7E4B-4312-88D2-695BFE5FD046} = {76C16FE3-B2CF-4CDC-9B45-02570A1436B8}
		{43624DFD-273E-4015-9207-78A857156C76} = {369EAED9-5F17-4223-97C9-FCDDAA2532AA}
	EndGlobalSection
EndGlobal
